
Microsoft Visual Studio Solution File, Format Version 12.00
# Visual Studio Version 17
VisualStudioVersion = 17.14.36109.1 d17.14
MinimumVisualStudioVersion = 10.0.40219.1
Project("{2150E333-8FDC-42A3-9474-1A3956D46DE8}") = "src", "src", "{02EA681E-C7D8-13C7-8484-4AC65E1B71E8}"
EndProject
Project("{2150E333-8FDC-42A3-9474-1A3956D46DE8}") = "tests", "tests", "{4D2D59FC-C397-4BF7-AD43-E37454E8416C}"
EndProject
Project("{FAE04EC0-301F-11D3-BF4B-00C04F79EFBC}") = "Cyberius.Transcoder.IdentityApi", "Cyberius.Transcoder.IdentityApi\Cyberius.Transcoder.IdentityApi.csproj", "{2F867632-E7A1-4006-B4B3-F21340BCC8AA}"
EndProject
Global
	GlobalSection(SolutionConfigurationPlatforms) = preSolution
		Debug|Any CPU = Debug|Any CPU
		Release|Any CPU = Release|Any CPU
	EndGlobalSection
	GlobalSection(ProjectConfigurationPlatforms) = postSolution
		{2F867632-E7A1-4006-B4B3-F21340BCC8AA}.Debug|Any CPU.ActiveCfg = Debug|Any CPU
		{2F867632-E7A1-4006-B4B3-F21340BCC8AA}.Debug|Any CPU.Build.0 = Debug|Any CPU
		{2F867632-E7A1-4006-B4B3-F21340BCC8AA}.Release|Any CPU.ActiveCfg = Release|Any CPU
		{2F867632-E7A1-4006-B4B3-F21340BCC8AA}.Release|Any CPU.Build.0 = Release|Any CPU
	EndGlobalSection
	GlobalSection(SolutionProperties) = preSolution
		HideSolutionNode = FALSE
	EndGlobalSection
	GlobalSection(NestedProjects) = preSolution
		{2F867632-E7A1-4006-B4B3-F21340BCC8AA} = {02EA681E-C7D8-13C7-8484-4AC65E1B71E8}
	EndGlobalSection
	GlobalSection(ExtensibilityGlobals) = postSolution
		SolutionGuid = {D81AC543-714A-461C-B406-5050D19A9EAC}
	EndGlobalSection
EndGlobal
